// !$*UTF8*$!
{
	archiveVersion = 1;
	classes = {
	};
	objectVersion = 46;
	objects = {

/* Begin PBXBuildFile section */
		C801DBBF1ABC7E570006269D /* AppDelegate.swift in Sources */ = {isa = PBXBuildFile; fileRef = C801DBBE1ABC7E570006269D /* AppDelegate.swift */; };
		C801DBC11ABC7E570006269D /* ViewController.swift in Sources */ = {isa = PBXBuildFile; fileRef = C801DBC01ABC7E570006269D /* ViewController.swift */; };
		C801DBC41ABC7E570006269D /* Main.storyboard in Resources */ = {isa = PBXBuildFile; fileRef = C801DBC21ABC7E570006269D /* Main.storyboard */; };
		C801DBC61ABC7E570006269D /* Images.xcassets in Resources */ = {isa = PBXBuildFile; fileRef = C801DBC51ABC7E570006269D /* Images.xcassets */; };
		C801DBC91ABC7E570006269D /* LaunchScreen.xib in Resources */ = {isa = PBXBuildFile; fileRef = C801DBC71ABC7E570006269D /* LaunchScreen.xib */; };
		C801DBD51ABC7E570006269D /* PostcardTests.swift in Sources */ = {isa = PBXBuildFile; fileRef = C801DBD41ABC7E570006269D /* PostcardTests.swift */; };
		C801DBDF1ABCAFBA0006269D /* SagradaFamilia.jpeg in Resources */ = {isa = PBXBuildFile; fileRef = C801DBDE1ABCAFBA0006269D /* SagradaFamilia.jpeg */; };
		C801DBE11ABCB29B0006269D /* AlbertEinsteinStamp.jpg in Resources */ = {isa = PBXBuildFile; fileRef = C801DBE01ABCB29B0006269D /* AlbertEinsteinStamp.jpg */; };
/* End PBXBuildFile section */

/* Begin PBXContainerItemProxy section */
		C801DBCF1ABC7E570006269D /* PBXContainerItemProxy */ = {
			isa = PBXContainerItemProxy;
			containerPortal = C801DBB11ABC7E570006269D /* Project object */;
			proxyType = 1;
			remoteGlobalIDString = C801DBB81ABC7E570006269D;
			remoteInfo = Postcard;
		};
/* End PBXContainerItemProxy section */

/* Begin PBXFileReference section */
		C801DBB91ABC7E570006269D /* Postcard.app */ = {isa = PBXFileReference; explicitFileType = wrapper.application; includeInIndex = 0; path = Postcard.app; sourceTree = BUILT_PRODUCTS_DIR; };
		C801DBBD1ABC7E570006269D /* Info.plist */ = {isa = PBXFileReference; lastKnownFileType = text.plist.xml; path = Info.plist; sourceTree = "<group>"; };
		C801DBBE1ABC7E570006269D /* AppDelegate.swift */ = {isa = PBXFileReference; lastKnownFileType = sourcecode.swift; path = AppDelegate.swift; sourceTree = "<group>"; };
		C801DBC01ABC7E570006269D /* ViewController.swift */ = {isa = PBXFileReference; lastKnownFileType = sourcecode.swift; path = ViewController.swift; sourceTree = "<group>"; };
		C801DBC31ABC7E570006269D /* Base */ = {isa = PBXFileReference; lastKnownFileType = file.storyboard; name = Base; path = Base.lproj/Main.storyboard; sourceTree = "<group>"; };
		C801DBC51ABC7E570006269D /* Images.xcassets */ = {isa = PBXFileReference; lastKnownFileType = folder.assetcatalog; path = Images.xcassets; sourceTree = "<group>"; };
		C801DBC81ABC7E570006269D /* Base */ = {isa = PBXFileReference; lastKnownFileType = file.xib; name = Base; path = Base.lproj/LaunchScreen.xib; sourceTree = "<group>"; };
		C801DBCE1ABC7E570006269D /* PostcardTests.xctest */ = {isa = PBXFileReference; explicitFileType = wrapper.cfbundle; includeInIndex = 0; path = PostcardTests.xctest; sourceTree = BUILT_PRODUCTS_DIR; };
		C801DBD31ABC7E570006269D /* Info.plist */ = {isa = PBXFileReference; lastKnownFileType = text.plist.xml; path = Info.plist; sourceTree = "<group>"; };
		C801DBD41ABC7E570006269D /* PostcardTests.swift */ = {isa = PBXFileReference; lastKnownFileType = sourcecode.swift; path = PostcardTests.swift; sourceTree = "<group>"; };
		C801DBDE1ABCAFBA0006269D /* SagradaFamilia.jpeg */ = {isa = PBXFileReference; lastKnownFileType = image.jpeg; path = SagradaFamilia.jpeg; sourceTree = "<group>"; };
		C801DBE01ABCB29B0006269D /* AlbertEinsteinStamp.jpg */ = {isa = PBXFileReference; lastKnownFileType = image.jpeg; path = AlbertEinsteinStamp.jpg; sourceTree = "<group>"; };
/* End PBXFileReference section */

/* Begin PBXFrameworksBuildPhase section */
		C801DBB61ABC7E570006269D /* Frameworks */ = {
			isa = PBXFrameworksBuildPhase;
			buildActionMask = 2147483647;
			files = (
			);
			runOnlyForDeploymentPostprocessing = 0;
		};
		C801DBCB1ABC7E570006269D /* Frameworks */ = {
			isa = PBXFrameworksBuildPhase;
			buildActionMask = 2147483647;
			files = (
			);
			runOnlyForDeploymentPostprocessing = 0;
		};
/* End PBXFrameworksBuildPhase section */

/* Begin PBXGroup section */
		C801DBB01ABC7E570006269D = {
			isa = PBXGroup;
			children = (
				C801DBBB1ABC7E570006269D /* Postcard */,
				C801DBD11ABC7E570006269D /* PostcardTests */,
				C801DBBA1ABC7E570006269D /* Products */,
			);
			sourceTree = "<group>";
		};
		C801DBBA1ABC7E570006269D /* Products */ = {
			isa = PBXGroup;
			children = (
				C801DBB91ABC7E570006269D /* Postcard.app */,
				C801DBCE1ABC7E570006269D /* PostcardTests.xctest */,
			);
			name = Products;
			sourceTree = "<group>";
		};
		C801DBBB1ABC7E570006269D /* Postcard */ = {
			isa = PBXGroup;
			children = (
				C801DBBE1ABC7E570006269D /* AppDelegate.swift */,
				C801DBC01ABC7E570006269D /* ViewController.swift */,
				C801DBC21ABC7E570006269D /* Main.storyboard */,
				C801DBC51ABC7E570006269D /* Images.xcassets */,
				C801DBC71ABC7E570006269D /* LaunchScreen.xib */,
				C801DBBC1ABC7E570006269D /* Supporting Files */,
			);
			path = Postcard;
			sourceTree = "<group>";
		};
		C801DBBC1ABC7E570006269D /* Supporting Files */ = {
			isa = PBXGroup;
			children = (
				C801DBBD1ABC7E570006269D /* Info.plist */,
			);
			name = "Supporting Files";
			sourceTree = "<group>";
		};
		C801DBD11ABC7E570006269D /* PostcardTests */ = {
			isa = PBXGroup;
			children = (
				C801DBD41ABC7E570006269D /* PostcardTests.swift */,
				C801DBD21ABC7E570006269D /* Supporting Files */,
			);
			path = PostcardTests;
			sourceTree = "<group>";
		};
		C801DBD21ABC7E570006269D /* Supporting Files */ = {
			isa = PBXGroup;
			children = (
				C801DBE01ABCB29B0006269D /* AlbertEinsteinStamp.jpg */,
				C801DBDE1ABCAFBA0006269D /* SagradaFamilia.jpeg */,
				C801DBD31ABC7E570006269D /* Info.plist */,
			);
			name = "Supporting Files";
			sourceTree = "<group>";
		};
/* End PBXGroup section */

/* Begin PBXNativeTarget section */
		C801DBB81ABC7E570006269D /* Postcard */ = {
			isa = PBXNativeTarget;
			buildConfigurationList = C801DBD81ABC7E570006269D /* Build configuration list for PBXNativeTarget "Postcard" */;
			buildPhases = (
				C801DBB51ABC7E570006269D /* Sources */,
				C801DBB61ABC7E570006269D /* Frameworks */,
				C801DBB71ABC7E570006269D /* Resources */,
			);
			buildRules = (
			);
			dependencies = (
			);
			name = Postcard;
			productName = Postcard;
			productReference = C801DBB91ABC7E570006269D /* Postcard.app */;
			productType = "com.apple.product-type.application";
		};
		C801DBCD1ABC7E570006269D /* PostcardTests */ = {
			isa = PBXNativeTarget;
			buildConfigurationList = C801DBDB1ABC7E570006269D /* Build configuration list for PBXNativeTarget "PostcardTests" */;
			buildPhases = (
				C801DBCA1ABC7E570006269D /* Sources */,
				C801DBCB1ABC7E570006269D /* Frameworks */,
				C801DBCC1ABC7E570006269D /* Resources */,
			);
			buildRules = (
			);
			dependencies = (
				C801DBD01ABC7E570006269D /* PBXTargetDependency */,
			);
			name = PostcardTests;
			productName = PostcardTests;
			productReference = C801DBCE1ABC7E570006269D /* PostcardTests.xctest */;
			productType = "com.apple.product-type.bundle.unit-test";
		};
/* End PBXNativeTarget section */

/* Begin PBXProject section */
		C801DBB11ABC7E570006269D /* Project object */ = {
			isa = PBXProject;
			attributes = {
				LastUpgradeCheck = 0620;
				ORGANIZATIONNAME = "Tejal Deshpande";
				TargetAttributes = {
					C801DBB81ABC7E570006269D = {
						CreatedOnToolsVersion = 6.2;
					};
					C801DBCD1ABC7E570006269D = {
						CreatedOnToolsVersion = 6.2;
						TestTargetID = C801DBB81ABC7E570006269D;
					};
				};
			};
			buildConfigurationList = C801DBB41ABC7E570006269D /* Build configuration list for PBXProject "Postcard" */;
			compatibilityVersion = "Xcode 3.2";
			developmentRegion = English;
			hasScannedForEncodings = 0;
			knownRegions = (
				en,
				Base,
			);
			mainGroup = C801DBB01ABC7E570006269D;
			productRefGroup = C801DBBA1ABC7E570006269D /* Products */;
			projectDirPath = "";
			projectRoot = "";
			targets = (
				C801DBB81ABC7E570006269D /* Postcard */,
				C801DBCD1ABC7E570006269D /* PostcardTests */,
			);
		};
/* End PBXProject section */

/* Begin PBXResourcesBuildPhase section */
		C801DBB71ABC7E570006269D /* Resources */ = {
			isa = PBXResourcesBuildPhase;
			buildActionMask = 2147483647;
			files = (
				C801DBC41ABC7E570006269D /* Main.storyboard in Resources */,
				C801DBDF1ABCAFBA0006269D /* SagradaFamilia.jpeg in Resources */,
				C801DBE11ABCB29B0006269D /* AlbertEinsteinStamp.jpg in Resources */,
				C801DBC91ABC7E570006269D /* LaunchScreen.xib in Resources */,
				C801DBC61ABC7E570006269D /* Images.xcassets in Resources */,
			);
			runOnlyForDeploymentPostprocessing = 0;
		};
		C801DBCC1ABC7E570006269D /* Resources */ = {
			isa = PBXResourcesBuildPhase;
			buildActionMask = 2147483647;
			files = (
			);
			runOnlyForDeploymentPostprocessing = 0;
		};
/* End PBXResourcesBuildPhase section */

/* Begin PBXSourcesBuildPhase section */
		C801DBB51ABC7E570006269D /* Sources */ = {
			isa = PBXSourcesBuildPhase;
			buildActionMask = 2147483647;
			files = (
				C801DBC11ABC7E570006269D /* ViewController.swift in Sources */,
				C801DBBF1ABC7E570006269D /* AppDelegate.swift in Sources */,
			);
			runOnlyForDeploymentPostprocessing = 0;
		};
		C801DBCA1ABC7E570006269D /* Sources */ = {
			isa = PBXSourcesBuildPhase;
			buildActionMask = 2147483647;
			files = (
				C801DBD51ABC7E570006269D /* PostcardTests.swift in Sources */,
			);
			runOnlyForDeploymentPostprocessing = 0;
		};
/* End PBXSourcesBuildPhase section */

/* Begin PBXTargetDependency section */
		C801DBD01ABC7E570006269D /* PBXTargetDependency */ = {
			isa = PBXTargetDependency;
			target = C801DBB81ABC7E570006269D /* Postcard */;
			targetProxy = C801DBCF1ABC7E570006269D /* PBXContainerItemProxy */;
		};
/* End PBXTargetDependency section */

/* Begin PBXVariantGroup section */
		C801DBC21ABC7E570006269D /* Main.storyboard */ = {
			isa = PBXVariantGroup;
			children = (
				C801DBC31ABC7E570006269D /* Base */,
			);
			name = Main.storyboard;
			sourceTree = "<group>";
		};
		C801DBC71ABC7E570006269D /* LaunchScreen.xib */ = {
			isa = PBXVariantGroup;
			children = (
				C801DBC81ABC7E570006269D /* Base */,
			);
			name = LaunchScreen.xib;
			sourceTree = "<group>";
		};
/* End PBXVariantGroup section */

/* Begin XCBuildConfiguration section */
		C801DBD61ABC7E570006269D /* Debug */ = {
			isa = XCBuildConfiguration;
			buildSettings = {
				ALWAYS_SEARCH_USER_PATHS = NO;
				CLANG_CXX_LANGUAGE_STANDARD = "gnu++0x";
				CLANG_CXX_LIBRARY = "libc++";
				CLANG_ENABLE_MODULES = YES;
				CLANG_ENABLE_OBJC_ARC = YES;
				CLANG_WARN_BOOL_CONVERSION = YES;
				CLANG_WARN_CONSTANT_CONVERSION = YES;
				CLANG_WARN_DIRECT_OBJC_ISA_USAGE = YES_ERROR;
				CLANG_WARN_EMPTY_BODY = YES;
				CLANG_WARN_ENUM_CONVERSION = YES;
				CLANG_WARN_INT_CONVERSION = YES;
				CLANG_WARN_OBJC_ROOT_CLASS = YES_ERROR;
				CLANG_WARN_UNREACHABLE_CODE = YES;
				CLANG_WARN__DUPLICATE_METHOD_MATCH = YES;
				"CODE_SIGN_IDENTITY[sdk=iphoneos*]" = "iPhone Developer";
				COPY_PHASE_STRIP = NO;
				ENABLE_STRICT_OBJC_MSGSEND = YES;
				GCC_C_LANGUAGE_STANDARD = gnu99;
				GCC_DYNAMIC_NO_PIC = NO;
				GCC_OPTIMIZATION_LEVEL = 0;
				GCC_PREPROCESSOR_DEFINITIONS = (
					"DEBUG=1",
					"$(inherited)",
				);
				GCC_SYMBOLS_PRIVATE_EXTERN = NO;
				GCC_WARN_64_TO_32_BIT_CONVERSION = YES;
				GCC_WARN_ABOUT_RETURN_TYPE = YES_ERROR;
				GCC_WARN_UNDECLARED_SELECTOR = YES;
				GCC_WARN_UNINITIALIZED_AUTOS = YES_AGGRESSIVE;
				GCC_WARN_UNUSED_FUNCTION = YES;
				GCC_WARN_UNUSED_VARIABLE = YES;
				IPHONEOS_DEPLOYMENT_TARGET = 8.2;
				MTL_ENABLE_DEBUG_INFO = YES;
				ONLY_ACTIVE_ARCH = YES;
				SDKROOT = iphoneos;
				SWIFT_OPTIMIZATION_LEVEL = "-Onone";
				TARGETED_DEVICE_FAMILY = "1,2";
			};
			name = Debug;
		};
		C801DBD71ABC7E570006269D /* Release */ = {
			isa = XCBuildConfiguration;
			buildSettings = {
				ALWAYS_SEARCH_USER_PATHS = NO;
				CLANG_CXX_LANGUAGE_STANDARD = "gnu++0x";
				CLANG_CXX_LIBRARY = "libc++";
				CLANG_ENABLE_MODULES = YES;
				CLANG_ENABLE_OBJC_ARC = YES;
				CLANG_WARN_BOOL_CONVERSION = YES;
				CLANG_WARN_CONSTANT_CONVERSION = YES;
				CLANG_WARN_DIRECT_OBJC_ISA_USAGE = YES_ERROR;
				CLANG_WARN_EMPTY_BODY = YES;
				CLANG_WARN_ENUM_CONVERSION = YES;
				CLANG_WARN_INT_CONVERSION = YES;
				CLANG_WARN_OBJC_ROOT_CLASS = YES_ERROR;
				CLANG_WARN_UNREACHABLE_CODE = YES;
				CLANG_WARN__DUPLICATE_METHOD_MATCH = YES;
				"CODE_SIGN_IDENTITY[sdk=iphoneos*]" = "iPhone Developer";
				COPY_PHASE_STRIP = NO;
				ENABLE_NS_ASSERTIONS = NO;
				ENABLE_STRICT_OBJC_MSGSEND = YES;
				GCC_C_LANGUAGE_STANDARD = gnu99;
				GCC_WARN_64_TO_32_BIT_CONVERSION = YES;
				GCC_WARN_ABOUT_RETURN_TYPE = YES_ERROR;
				GCC_WARN_UNDECLARED_SELECTOR = YES;
				GCC_WARN_UNINITIALIZED_AUTOS = YES_AGGRESSIVE;
				GCC_WARN_UNUSED_FUNCTION = YES;
				GCC_WARN_UNUSED_VARIABLE = YES;
				IPHONEOS_DEPLOYMENT_TARGET = 8.2;
				MTL_ENABLE_DEBUG_INFO = NO;
				SDKROOT = iphoneos;
				TARGETED_DEVICE_FAMILY = "1,2";
				VALIDATE_PRODUCT = YES;
			};
			name = Release;
		};
		C801DBD91ABC7E570006269D /* Debug */ = {
			isa = XCBuildConfiguration;
			buildSettings = {
				ASSETCATALOG_COMPILER_APPICON_NAME = AppIcon;
				INFOPLIST_FILE = Postcard/Info.plist;
				LD_RUNPATH_SEARCH_PATHS = "$(inherited) @executable_path/Frameworks";
				PRODUCT_NAME = "$(TARGET_NAME)";
			};
			name = Debug;
		};
		C801DBDA1ABC7E570006269D /* Release */ = {
			isa = XCBuildConfiguration;
			buildSettings = {
				ASSETCATALOG_COMPILER_APPICON_NAME = AppIcon;
				INFOPLIST_FILE = Postcard/Info.plist;
				LD_RUNPATH_SEARCH_PATHS = "$(inherited) @executable_path/Frameworks";
				PRODUCT_NAME = "$(TARGET_NAME)";
			};
			name = Release;
		};
		C801DBDC1ABC7E570006269D /* Debug */ = {
			isa = XCBuildConfiguration;
			buildSettings = {
				BUNDLE_LOADER = "$(TEST_HOST)";
				FRAMEWORK_SEARCH_PATHS = (
					"$(SDKROOT)/Developer/Library/Frameworks",
					"$(inherited)",
				);
				GCC_PREPROCESSOR_DEFINITIONS = (
					"DEBUG=1",
					"$(inherited)",
				);
				INFOPLIST_FILE = PostcardTests/Info.plist;
				LD_RUNPATH_SEARCH_PATHS = "$(inherited) @executable_path/Frameworks @loader_path/Frameworks";
				PRODUCT_NAME = "$(TARGET_NAME)";
				TEST_HOST = "$(BUILT_PRODUCTS_DIR)/Postcard.app/Postcard";
			};
			name = Debug;
		};
		C801DBDD1ABC7E570006269D /* Release */ = {
			isa = XCBuildConfiguration;
			buildSettings = {
				BUNDLE_LOADER = "$(TEST_HOST)";
				FRAMEWORK_SEARCH_PATHS = (
					"$(SDKROOT)/Developer/Library/Frameworks",
					"$(inherited)",
				);
				INFOPLIST_FILE = PostcardTests/Info.plist;
				LD_RUNPATH_SEARCH_PATHS = "$(inherited) @executable_path/Frameworks @loader_path/Frameworks";
				PRODUCT_NAME = "$(TARGET_NAME)";
				TEST_HOST = "$(BUILT_PRODUCTS_DIR)/Postcard.app/Postcard";
			};
			name = Release;
		};
/* End XCBuildConfiguration section */

/* Begin XCConfigurationList section */
		C801DBB41ABC7E570006269D /* Build configuration list for PBXProject "Postcard" */ = {
			isa = XCConfigurationList;
			buildConfigurations = (
				C801DBD61ABC7E570006269D /* Debug */,
				C801DBD71ABC7E570006269D /* Release */,
			);
			defaultConfigurationIsVisible = 0;
			defaultConfigurationName = Release;
		};
		C801DBD81ABC7E570006269D /* Build configuration list for PBXNativeTarget "Postcard" */ = {
			isa = XCConfigurationList;
			buildConfigurations = (
				C801DBD91ABC7E570006269D /* Debug */,
				C801DBDA1ABC7E570006269D /* Release */,
			);
			defaultConfigurationIsVisible = 0;
		};
		C801DBDB1ABC7E570006269D /* Build configuration list for PBXNativeTarget "PostcardTests" */ = {
			isa = XCConfigurationList;
			buildConfigurations = (
				C801DBDC1ABC7E570006269D /* Debug */,
				C801DBDD1ABC7E570006269D /* Release */,
			);
			defaultConfigurationIsVisible = 0;
		};
/* End XCConfigurationList section */
	};
	rootObject = C801DBB11ABC7E570006269D /* Project object */;
}
